{
  "nodes": {
    "flake-utils": {
      "inputs": {
        "systems": "systems"
      },
      "locked": {
        "lastModified": 1731533236,
        "narHash": "sha256-l0KFg5HjrsfsO/JpG+r7fRrqm12kzFHyUHqHCVpMMbI=",
        "owner": "numtide",
        "repo": "flake-utils",
        "rev": "11707dc2f618dd54ca8739b309ec4fc024de578b",
        "type": "github"
      },
      "original": {
        "owner": "numtide",
        "repo": "flake-utils",
        "type": "github"
      }
    },
    "libtexprintf": {
      "inputs": {
        "flake-utils": "flake-utils",
        "nixpkgs": [
          "nixpkgs"
        ]
      },
      "locked": {
        "lastModified": 1765650129,
        "narHash": "sha256-Y1RTjVPO8Xnh95vFDUoZsZQ21BH5W7Xh2mWVVhziaIA=",
        "owner": "xbwwj",
        "repo": "libtexprintf-nix",
        "rev": "6398ca3ad5929bb7dfe41bac3cdd08358bfe109f",
        "type": "github"
      },
      "original": {
        "owner": "xbwwj",
        "repo": "libtexprintf-nix",
        "type": "github"
      }
    },
    "nixpkgs": {
      "locked": {
        "lastModified": 1780030872,
        "narHash": "sha256-u6WU/yd/o8iYQrHX3RAwO1hYa3LkoSL+WNQD0rJfJZQ=",
        "owner": "NixOS",
        "repo": "nixpkgs",
        "rev": "e9a7635a57597d9754eccebdfc7045e6c8600e6b",
        "type": "github"
      },
      "original": {
        "owner": "NixOS",
        "ref": "nixpkgs-unstable",
        "repo": "nixpkgs",
        "type": "github"
      }
    },
    "plugins-lze": {
      "flake": false,
      "locked": {
        "lastModified": 1779886623,
        "narHash": "sha256-KcOvY87Js1q0YrB2g7Y+ZvXVkzAlQko582qoQemzN2M=",
        "owner": "BirdeeHub",
        "repo": "lze",
        "rev": "37daa89a10a60bd153fa80e9041d6137f077d6fb",
        "type": "github"
      },
      "original": {
        "owner": "BirdeeHub",
        "repo": "lze",
        "type": "github"
      }
    },
    "plugins-lzextras": {
      "flake": false,
      "locked": {
        "lastModified": 1779886599,
        "narHash": "sha256-RFAkctVRrbIK0fcalSvKnJMzlZoeUlVs4gHoxaDZksE=",
        "owner": "BirdeeHub",
        "repo": "lzextras",
        "rev": "dd1d43c0e2337a1a9643a1b78fbc6736d90c14c1",
        "type": "github"
      },
      "original": {
        "owner": "BirdeeHub",
        "repo": "lzextras",
        "type": "github"
      }
    },
    "root": {
      "inputs": {
        "libtexprintf": "libtexprintf",
        "nixpkgs": "nixpkgs",
        "plugins-lze": "plugins-lze",
        "plugins-lzextras": "plugins-lzextras",
        "wrappers": "wrappers"
      }
    },
    "systems": {
      "locked": {
        "lastModified": 1681028828,
        "narHash": "sha256-Vy1rq5AaRuLzOxct8nz4T6wlgyUR7zLU309k9mBC768=",
        "owner": "nix-systems",
        "repo": "default",
        "rev": "da67096a3b9bf56a91d16901293e51ba5b49a27e",
        "type": "github"
      },
      "original": {
        "owner": "nix-systems",
        "repo": "default",
        "type": "github"
      }
    },
    "wrappers": {
      "inputs": {
        "nixpkgs": [
          "nixpkgs"
        ]
      },
      "locked": {
        "lastModified": 1779886850,
        "narHash": "sha256-Udj+9DzeLccvPKoW9Q8xFdqIhrw2jhYMoqxBv+8iWzo=",
        "owner": "BirdeeHub",
        "repo": "nix-wrapper-modules",
        "rev": "168fd6f514a9f8fa47df4fdcf9ecd61db10aec68",
        "type": "github"
      },
      "original": {
        "owner": "BirdeeHub",
        "repo": "nix-wrapper-modules",
        "type": "github"
      }
    }
  },
  "root": "root",
  "version": 7
}
